
Microsoft Visual Studio Solution File, Format Version 12.00
# Visual Studio Version 16
VisualStudioVersion = 16.0.30611.23
MinimumVisualStudioVersion = 10.0.40219.1
Project("{FAE04EC0-301F-11D3-BF4B-00C04F79EFBC}") = "Devbox", "Devbox\Devbox.csproj", "{98639F72-E976-41E0-9590-5FFD88D205DE}"
EndProject
Global
	GlobalSection(SolutionConfigurationPlatforms) = preSolution
		Debug|Any CPU = Debug|Any CPU
		Release|Any CPU = Release|Any CPU
	EndGlobalSection
	GlobalSection(ProjectConfigurationPlatforms) = postSolution
		{98639F72-E976-41E0-9590-5FFD88D205DE}.Debug|Any CPU.ActiveCfg = Debug|Any CPU
		{98639F72-E976-41E0-9590-5FFD88D205DE}.Debug|Any CPU.Build.0 = Debug|Any CPU
		{98639F72-E976-41E0-9590-5FFD88D205DE}.Release|Any CPU.ActiveCfg = Release|Any CPU
		{98639F72-E976-41E0-9590-5FFD88D205DE}.Release|Any CPU.Build.0 = Release|Any CPU
	EndGlobalSection
	GlobalSection(SolutionProperties) = preSolution
		HideSolutionNode = FALSE
	EndGlobalSection
	GlobalSection(ExtensibilityGlobals) = postSolution
		SolutionGuid = {002B600A-79F7-41A2-BC92-2908D9FE5BAB}
	EndGlobalSection
EndGlobal
